<?xml version="1.0" encoding="utf-8"?>
<Project ToolsVersion="4.0" xmlns="http://schemas.microsoft.com/developer/msbuild/2003">
  <ItemGroup>
    <ClCompile Include="main.cpp" />
    <ClCompile Include="Renderer\Renderer.cpp" />
    <ClCompile Include="World.cpp" />
    <ClCompile Include="Systems\CollisionSystem.cpp">
      <Filter>Systems</Filter>
    </ClCompile>
    <ClCompile Include="Systems\LevelGenerationSystem.cpp">
      <Filter>Systems</Filter>
    </ClCompile>
    <ClCompile Include="Systems\InputSystem.cpp">
      <Filter>Systems</Filter>
    </ClCompile>
    <ClCompile Include="Systems\ParticleSystem.cpp">
      <Filter>Systems</Filter>
    </ClCompile>
    <ClCompile Include="Systems\PlayerSystem.cpp">
      <Filter>Systems</Filter>
    </ClCompile>
    <ClCompile Include="Systems\RenderSystem.cpp">
      <Filter>Systems</Filter>
    </ClCompile>
    <ClCompile Include="Systems\SoundsSystem.cpp">
      <Filter>Systems</Filter>
    </ClCompile>
    <ClCompile Include="Model.cpp" />
    <ClCompile Include="AABB.cpp" />
  </ItemGroup>
  <ItemGroup>
    <ClInclude Include="Component.h" />
    <ClInclude Include="ComponentFactory.h" />
    <ClInclude Include="Entity.h" />
    <ClInclude Include="logging.h" />
    <ClInclude Include="glerror.h" />
    <ClInclude Include="Renderer\Renderer.h" />
    <ClInclude Include="System.h" />
    <ClInclude Include="World.h" />
    <ClInclude Include="Systems\CollisionSystem.h">
      <Filter>Systems</Filter>
    </ClInclude>
    <ClInclude Include="Systems\LevelGenerationSystem.h">
      <Filter>Systems</Filter>
    </ClInclude>
    <ClInclude Include="Systems\InputSystem.h">
      <Filter>Systems</Filter>
    </ClInclude>
    <ClInclude Include="Systems\ParticleSystem.h">
      <Filter>Systems</Filter>
    </ClInclude>
    <ClInclude Include="Systems\PlayerSystem.h">
      <Filter>Systems</Filter>
    </ClInclude>
    <ClInclude Include="Systems\RenderSystem.h">
      <Filter>Systems</Filter>
    </ClInclude>
    <ClInclude Include="Systems\SoundSystem.h">
      <Filter>Systems</Filter>
    </ClInclude>
    <ClInclude Include="Components\Transform.h">
      <Filter>Components</Filter>
    </ClInclude>
    <ClInclude Include="Model.h" />
    <ClInclude Include="Components\Bounds.h">
      <Filter>Components</Filter>
    </ClInclude>
    <ClInclude Include="Components\Camera.h">
      <Filter>Components</Filter>
    </ClInclude>
    <ClInclude Include="Components\Collision.h">
      <Filter>Components</Filter>
    </ClInclude>
    <ClInclude Include="Components\DirectionalLight.h">
      <Filter>Components</Filter>
    </ClInclude>
    <ClInclude Include="Components\Input.h">
      <Filter>Components</Filter>
    </ClInclude>
    <ClInclude Include="Components\Model.h">
      <Filter>Components</Filter>
    </ClInclude>
    <ClInclude Include="Components\ParticleEmitter.h">
      <Filter>Components</Filter>
    </ClInclude>
    <ClInclude Include="Components\PointLight.h">
      <Filter>Components</Filter>
    </ClInclude>
    <ClInclude Include="Components\PowerUp.h">
      <Filter>Components</Filter>
    </ClInclude>
    <ClInclude Include="Components\Sprite.h">
      <Filter>Components</Filter>
    </ClInclude>
    <ClInclude Include="Components\Stat.h">
      <Filter>Components</Filter>
    </ClInclude>
    <ClInclude Include="Components\Template.h">
      <Filter>Components</Filter>
    </ClInclude>
    <ClInclude Include="Components\SoundEmitter.h">
      <Filter>Components</Filter>
    </ClInclude>
    <ClInclude Include="AABB.h" />
    <ClInclude Include="Color.h" />
  </ItemGroup>
  <ItemGroup>
    <None Include="Shaders\Fragment.glsl">
      <Filter>Shaders</Filter>
    </None>
    <None Include="Shaders\Vertex.glsl">
      <Filter>Shaders</Filter>
    </None>
  </ItemGroup>
  <ItemGroup>
    <Filter Include="Systems">
      <UniqueIdentifier>{657e11f4-52e7-4336-b77f-80f00b85c33f}</UniqueIdentifier>
    </Filter>
    <Filter Include="Components">
      <UniqueIdentifier>{59929465-a139-43b9-9c75-48121d156e78}</UniqueIdentifier>
    </Filter>
    <Filter Include="Shaders">
      <UniqueIdentifier>{54f1eb6f-dc00-4e97-a3ef-ac255d755e2e}</UniqueIdentifier>
    </Filter>
  </ItemGroup>
</Project>